
Microsoft Visual Studio Solution File, Format Version 12.00
# Visual Studio 15
VisualStudioVersion = 15.0.27130.2010
MinimumVisualStudioVersion = 10.0.40219.1
Project("{FAE04EC0-301F-11D3-BF4B-00C04F79EFBC}") = "Lab1_ChemicalFormula", "Lab1_ChemicalFormula\Lab1_ChemicalFormula.csproj", "{D3031D49-1F1F-4E81-804A-FD57BE6E5219}"
EndProject
Global
	GlobalSection(SolutionConfigurationPlatforms) = preSolution
		Debug|Any CPU = Debug|Any CPU
		Release|Any CPU = Release|Any CPU
	EndGlobalSection
	GlobalSection(ProjectConfigurationPlatforms) = postSolution
		{D3031D49-1F1F-4E81-804A-FD57BE6E5219}.Debug|Any CPU.ActiveCfg = Debug|Any CPU
		{D3031D49-1F1F-4E81-804A-FD57BE6E5219}.Debug|Any CPU.Build.0 = Debug|Any CPU
		{D3031D49-1F1F-4E81-804A-FD57BE6E5219}.Release|Any CPU.ActiveCfg = Release|Any CPU
		{D3031D49-1F1F-4E81-804A-FD57BE6E5219}.Release|Any CPU.Build.0 = Release|Any CPU
	EndGlobalSection
	GlobalSection(SolutionProperties) = preSolution
		HideSolutionNode = FALSE
	EndGlobalSection
	GlobalSection(ExtensibilityGlobals) = postSolution
		SolutionGuid = {AC14E331-8995-4CE5-BFD8-6C29EA6FFCE7}
	EndGlobalSection
EndGlobal
